
Microsoft Visual Studio Solution File, Format Version 12.00
# Visual Studio Version 17
VisualStudioVersion = 17.5.33516.290
MinimumVisualStudioVersion = 10.0.40219.1
Project("{8BC9CEB8-8B4A-11D0-8D11-00A0C91BC942}") = "lab10.3", "lab10.3.vcxproj", "{92395D49-CBC6-4C8E-840A-810B0951449E}"
EndProject
Project("{8BC9CEB8-8B4A-11D0-8D11-00A0C91BC942}") = "UnitTest10.3", "UnitTest10.3\UnitTest10.3.vcxproj", "{EE2C7627-6C52-4726-AA2E-0BE27916DE03}"
EndProject
Global
	GlobalSection(SolutionConfigurationPlatforms) = preSolution
		Debug|x64 = Debug|x64
		Debug|x86 = Debug|x86
		Release|x64 = Release|x64
		Release|x86 = Release|x86
	EndGlobalSection
	GlobalSection(ProjectConfigurationPlatforms) = postSolution
		{92395D49-CBC6-4C8E-840A-810B0951449E}.Debug|x64.ActiveCfg = Debug|x64
		{92395D49-CBC6-4C8E-840A-810B0951449E}.Debug|x64.Build.0 = Debug|x64
		{92395D49-CBC6-4C8E-840A-810B0951449E}.Debug|x86.ActiveCfg = Debug|Win32
		{92395D49-CBC6-4C8E-840A-810B0951449E}.Debug|x86.Build.0 = Debug|Win32
		{92395D49-CBC6-4C8E-840A-810B0951449E}.Release|x64.ActiveCfg = Release|x64
		{92395D49-CBC6-4C8E-840A-810B0951449E}.Release|x64.Build.0 = Release|x64
		{92395D49-CBC6-4C8E-840A-810B0951449E}.Release|x86.ActiveCfg = Release|Win32
		{92395D49-CBC6-4C8E-840A-810B0951449E}.Release|x86.Build.0 = Release|Win32
		{EE2C7627-6C52-4726-AA2E-0BE27916DE03}.Debug|x64.ActiveCfg = Debug|x64
		{EE2C7627-6C52-4726-AA2E-0BE27916DE03}.Debug|x64.Build.0 = Debug|x64
		{EE2C7627-6C52-4726-AA2E-0BE27916DE03}.Debug|x86.ActiveCfg = Debug|Win32
		{EE2C7627-6C52-4726-AA2E-0BE27916DE03}.Debug|x86.Build.0 = Debug|Win32
		{EE2C7627-6C52-4726-AA2E-0BE27916DE03}.Release|x64.ActiveCfg = Release|x64
		{EE2C7627-6C52-4726-AA2E-0BE27916DE03}.Release|x64.Build.0 = Release|x64
		{EE2C7627-6C52-4726-AA2E-0BE27916DE03}.Release|x86.ActiveCfg = Release|Win32
		{EE2C7627-6C52-4726-AA2E-0BE27916DE03}.Release|x86.Build.0 = Release|Win32
	EndGlobalSection
	GlobalSection(SolutionProperties) = preSolution
		HideSolutionNode = FALSE
	EndGlobalSection
	GlobalSection(ExtensibilityGlobals) = postSolution
		SolutionGuid = {BC012658-EC34-4EB2-ABA0-66EBC55CE449}
	EndGlobalSection
EndGlobal
